
Microsoft Visual Studio Solution File, Format Version 12.00
# Visual Studio Version 17
VisualStudioVersion = 17.6.33815.320
MinimumVisualStudioVersion = 10.0.40219.1
Project("{FAE04EC0-301F-11D3-BF4B-00C04F79EFBC}") = "ToJSON", "ToJSON\ToJSON.csproj", "{B80EC10E-6B7B-4D9D-B32D-84223F7CF243}"
EndProject
Global
	GlobalSection(SolutionConfigurationPlatforms) = preSolution
		Debug|Any CPU = Debug|Any CPU
		Release|Any CPU = Release|Any CPU
	EndGlobalSection
	GlobalSection(ProjectConfigurationPlatforms) = postSolution
		{B80EC10E-6B7B-4D9D-B32D-84223F7CF243}.Debug|Any CPU.ActiveCfg = Debug|Any CPU
		{B80EC10E-6B7B-4D9D-B32D-84223F7CF243}.Debug|Any CPU.Build.0 = Debug|Any CPU
		{B80EC10E-6B7B-4D9D-B32D-84223F7CF243}.Release|Any CPU.ActiveCfg = Release|Any CPU
		{B80EC10E-6B7B-4D9D-B32D-84223F7CF243}.Release|Any CPU.Build.0 = Release|Any CPU
	EndGlobalSection
	GlobalSection(SolutionProperties) = preSolution
		HideSolutionNode = FALSE
	EndGlobalSection
	GlobalSection(ExtensibilityGlobals) = postSolution
		SolutionGuid = {67DFB07E-ABC9-471C-B90B-E14135A6FBD9}
	EndGlobalSection
EndGlobal
